
Microsoft Visual Studio Solution File, Format Version 12.00
# Visual Studio Version 17
VisualStudioVersion = 17.4.33213.308
MinimumVisualStudioVersion = 10.0.40219.1
Project("{FAE04EC0-301F-11D3-BF4B-00C04F79EFBC}") = "Level3-jm8gw", "Level3-jm8gw\Level3-jm8gw.csproj", "{085A7CEB-8D12-451E-9958-C1D54ED0D138}"
EndProject
Global
	GlobalSection(SolutionConfigurationPlatforms) = preSolution
		Debug|Any CPU = Debug|Any CPU
		Release|Any CPU = Release|Any CPU
	EndGlobalSection
	GlobalSection(ProjectConfigurationPlatforms) = postSolution
		{085A7CEB-8D12-451E-9958-C1D54ED0D138}.Debug|Any CPU.ActiveCfg = Debug|Any CPU
		{085A7CEB-8D12-451E-9958-C1D54ED0D138}.Debug|Any CPU.Build.0 = Debug|Any CPU
		{085A7CEB-8D12-451E-9958-C1D54ED0D138}.Release|Any CPU.ActiveCfg = Release|Any CPU
		{085A7CEB-8D12-451E-9958-C1D54ED0D138}.Release|Any CPU.Build.0 = Release|Any CPU
	EndGlobalSection
	GlobalSection(SolutionProperties) = preSolution
		HideSolutionNode = FALSE
	EndGlobalSection
	GlobalSection(ExtensibilityGlobals) = postSolution
		SolutionGuid = {1DB49000-9375-43DC-9D6C-087D5405D126}
	EndGlobalSection
EndGlobal
